
Microsoft Visual Studio Solution File, Format Version 12.00
# Visual Studio 14
VisualStudioVersion = 14.0.25420.1
MinimumVisualStudioVersion = 10.0.40219.1
Project("{FAE04EC0-301F-11D3-BF4B-00C04F79EFBC}") = "ConShadoSpa", "ConShadoSpa\ConShadoSpa.csproj", "{EA760552-20C6-46A8-BBAD-5DBF0148E885}"
EndProject
Global
	GlobalSection(SolutionConfigurationPlatforms) = preSolution
		Debug|Any CPU = Debug|Any CPU
		Release|Any CPU = Release|Any CPU
	EndGlobalSection
	GlobalSection(ProjectConfigurationPlatforms) = postSolution
		{EA760552-20C6-46A8-BBAD-5DBF0148E885}.Debug|Any CPU.ActiveCfg = Debug|Any CPU
		{EA760552-20C6-46A8-BBAD-5DBF0148E885}.Debug|Any CPU.Build.0 = Debug|Any CPU
		{EA760552-20C6-46A8-BBAD-5DBF0148E885}.Release|Any CPU.ActiveCfg = Release|Any CPU
		{EA760552-20C6-46A8-BBAD-5DBF0148E885}.Release|Any CPU.Build.0 = Release|Any CPU
	EndGlobalSection
	GlobalSection(SolutionProperties) = preSolution
		HideSolutionNode = FALSE
	EndGlobalSection
EndGlobal
